%{"bunt": {:hex, :bunt, "0.1.4"},
  "connection": {:hex, :connection, "1.0.2"},
  "credo": {:hex, :credo, "0.3.2"},
  "db_connection": {:hex, :db_connection, "0.2.3"},
  "decimal": {:hex, :decimal, "1.1.1"},
  "earmark": {:hex, :earmark, "0.2.1"},
  "ex_doc": {:hex, :ex_doc, "0.11.4"},
  "inch_ex": {:hex, :inch_ex, "0.5.1"},
  "poison": {:hex, :poison, "2.1.0"},
  "poolboy": {:hex, :poolboy, "1.5.1"},
  "postgrex": {:git, "https://github.com/ericmj/postgrex.git", "f5b1cc590cf5160d5d5390c4d3653babffc8702d", []},
  "sbroker": {:hex, :sbroker, "0.7.0"}}
